
Microsoft Visual Studio Solution File, Format Version 12.00
# Visual Studio 15
VisualStudioVersion = 15.0.28307.106
MinimumVisualStudioVersion = 10.0.40219.1
Project("{FAE04EC0-301F-11D3-BF4B-00C04F79EFBC}") = "FormExample", "FormExample\FormExample.csproj", "{DAA169BF-3C29-4A87-8F48-1F19455C721E}"
EndProject
Global
	GlobalSection(SolutionConfigurationPlatforms) = preSolution
		Debug|Any CPU = Debug|Any CPU
		Release|Any CPU = Release|Any CPU
	EndGlobalSection
	GlobalSection(ProjectConfigurationPlatforms) = postSolution
		{DAA169BF-3C29-4A87-8F48-1F19455C721E}.Debug|Any CPU.ActiveCfg = Debug|Any CPU
		{DAA169BF-3C29-4A87-8F48-1F19455C721E}.Debug|Any CPU.Build.0 = Debug|Any CPU
		{DAA169BF-3C29-4A87-8F48-1F19455C721E}.Release|Any CPU.ActiveCfg = Release|Any CPU
		{DAA169BF-3C29-4A87-8F48-1F19455C721E}.Release|Any CPU.Build.0 = Release|Any CPU
	EndGlobalSection
	GlobalSection(SolutionProperties) = preSolution
		HideSolutionNode = FALSE
	EndGlobalSection
	GlobalSection(ExtensibilityGlobals) = postSolution
		SolutionGuid = {2800A35F-1BA1-42D9-ABBC-917E06CE0D2B}
	EndGlobalSection
EndGlobal
